
Microsoft Visual Studio Solution File, Format Version 11.00
# Visual Studio 2010
Project("{FAE04EC0-301F-11D3-BF4B-00C04F79EFBC}") = "Assembly-CSharp", "Assembly-CSharp.csproj", "{46DAD8C4-32B9-6CA9-B6B5-F8BF09A99ACB}"
EndProject
Global
	GlobalSection(SolutionConfigurationPlatforms) = preSolution
		Debug|Any CPU = Debug|Any CPU
		Release|Any CPU = Release|Any CPU
	EndGlobalSection
	GlobalSection(ProjectConfigurationPlatforms) = postSolution
		{46DAD8C4-32B9-6CA9-B6B5-F8BF09A99ACB}.Debug|Any CPU.ActiveCfg = Debug|Any CPU
		{46DAD8C4-32B9-6CA9-B6B5-F8BF09A99ACB}.Debug|Any CPU.Build.0 = Debug|Any CPU
		{46DAD8C4-32B9-6CA9-B6B5-F8BF09A99ACB}.Release|Any CPU.ActiveCfg = Release|Any CPU
		{46DAD8C4-32B9-6CA9-B6B5-F8BF09A99ACB}.Release|Any CPU.Build.0 = Release|Any CPU
	EndGlobalSection
	GlobalSection(SolutionProperties) = preSolution
		HideSolutionNode = FALSE
	EndGlobalSection
	GlobalSection(MonoDevelopProperties) = preSolution
		StartupItem = Assembly-CSharp.csproj
	EndGlobalSection
EndGlobal
